
Microsoft Visual Studio Solution File, Format Version 12.00
# Visual Studio 15
VisualStudioVersion = 15.0.27130.2024
MinimumVisualStudioVersion = 10.0.40219.1
Project("{2150E333-8FDC-42A3-9474-1A3956D46DE8}") = "src", "src", "{F8F1B58F-B1B3-45A3-9462-8BC50E369C2B}"
EndProject
Project("{2150E333-8FDC-42A3-9474-1A3956D46DE8}") = "Solution Items", "Solution Items", "{ED535817-3373-4180-B60E-0E2E97D22E8F}"
EndProject
Project("{9A19103F-16F7-4668-BE54-9A1E7A4F7556}") = "RoboUtil", "src\RoboUtil\RoboUtil.csproj", "{956B0E4B-0115-4008-905A-7A54D0F84336}"
EndProject
Project("{9A19103F-16F7-4668-BE54-9A1E7A4F7556}") = "RoboUtil.Examples", "src\RoboUtil.Examples\RoboUtil.Examples.csproj", "{DF4B36B7-2714-41CA-A0A4-CE442F59E63F}"
EndProject
Project("{9A19103F-16F7-4668-BE54-9A1E7A4F7556}") = "RoboUtil.Tests", "src\RoboUtil.Tests\RoboUtil.Tests.csproj", "{3CC70C26-7352-47CC-A1BC-3FD69466A274}"
EndProject
Global
	GlobalSection(SolutionConfigurationPlatforms) = preSolution
		Debug|Any CPU = Debug|Any CPU
		Release|Any CPU = Release|Any CPU
	EndGlobalSection
	GlobalSection(ProjectConfigurationPlatforms) = postSolution
		{956B0E4B-0115-4008-905A-7A54D0F84336}.Debug|Any CPU.ActiveCfg = Debug|Any CPU
		{956B0E4B-0115-4008-905A-7A54D0F84336}.Debug|Any CPU.Build.0 = Debug|Any CPU
		{956B0E4B-0115-4008-905A-7A54D0F84336}.Release|Any CPU.ActiveCfg = Release|Any CPU
		{956B0E4B-0115-4008-905A-7A54D0F84336}.Release|Any CPU.Build.0 = Release|Any CPU
		{DF4B36B7-2714-41CA-A0A4-CE442F59E63F}.Debug|Any CPU.ActiveCfg = Debug|Any CPU
		{DF4B36B7-2714-41CA-A0A4-CE442F59E63F}.Debug|Any CPU.Build.0 = Debug|Any CPU
		{DF4B36B7-2714-41CA-A0A4-CE442F59E63F}.Release|Any CPU.ActiveCfg = Release|Any CPU
		{DF4B36B7-2714-41CA-A0A4-CE442F59E63F}.Release|Any CPU.Build.0 = Release|Any CPU
		{3CC70C26-7352-47CC-A1BC-3FD69466A274}.Debug|Any CPU.ActiveCfg = Debug|Any CPU
		{3CC70C26-7352-47CC-A1BC-3FD69466A274}.Debug|Any CPU.Build.0 = Debug|Any CPU
		{3CC70C26-7352-47CC-A1BC-3FD69466A274}.Release|Any CPU.ActiveCfg = Release|Any CPU
		{3CC70C26-7352-47CC-A1BC-3FD69466A274}.Release|Any CPU.Build.0 = Release|Any CPU
	EndGlobalSection
	GlobalSection(SolutionProperties) = preSolution
		HideSolutionNode = FALSE
	EndGlobalSection
	GlobalSection(NestedProjects) = preSolution
		{956B0E4B-0115-4008-905A-7A54D0F84336} = {F8F1B58F-B1B3-45A3-9462-8BC50E369C2B}
		{DF4B36B7-2714-41CA-A0A4-CE442F59E63F} = {F8F1B58F-B1B3-45A3-9462-8BC50E369C2B}
		{3CC70C26-7352-47CC-A1BC-3FD69466A274} = {F8F1B58F-B1B3-45A3-9462-8BC50E369C2B}
	EndGlobalSection
	GlobalSection(ExtensibilityGlobals) = postSolution
		SolutionGuid = {56DDA2AA-7349-46A7-BDF3-976553769920}
	EndGlobalSection
EndGlobal
